
Microsoft Visual Studio Solution File, Format Version 12.00
# Visual Studio 14
VisualStudioVersion = 14.0.25420.1
MinimumVisualStudioVersion = 10.0.40219.1
Project("{FAE04EC0-301F-11D3-BF4B-00C04F79EFBC}") = "NumberPredictionGame3", "NumberPredictionGame3\NumberPredictionGame3.csproj", "{A130753C-632E-4D4D-BA7C-3985722E2BCB}"
EndProject
Global
	GlobalSection(SolutionConfigurationPlatforms) = preSolution
		Debug|Any CPU = Debug|Any CPU
		Release|Any CPU = Release|Any CPU
	EndGlobalSection
	GlobalSection(ProjectConfigurationPlatforms) = postSolution
		{A130753C-632E-4D4D-BA7C-3985722E2BCB}.Debug|Any CPU.ActiveCfg = Debug|Any CPU
		{A130753C-632E-4D4D-BA7C-3985722E2BCB}.Debug|Any CPU.Build.0 = Debug|Any CPU
		{A130753C-632E-4D4D-BA7C-3985722E2BCB}.Release|Any CPU.ActiveCfg = Release|Any CPU
		{A130753C-632E-4D4D-BA7C-3985722E2BCB}.Release|Any CPU.Build.0 = Release|Any CPU
	EndGlobalSection
	GlobalSection(SolutionProperties) = preSolution
		HideSolutionNode = FALSE
	EndGlobalSection
EndGlobal
